
Microsoft Visual Studio Solution File, Format Version 12.00
# Visual Studio Version 17
VisualStudioVersion = 17.10.34928.147
MinimumVisualStudioVersion = 10.0.40219.1
Project("{FAE04EC0-301F-11D3-BF4B-00C04F79EFBC}") = "LittleLearningSystem", "LittleLearningSystem.csproj", "{BC8EED9B-D9FA-4D87-808B-7D018BB6A0C7}"
EndProject
Global
	GlobalSection(SolutionConfigurationPlatforms) = preSolution
		Debug|Any CPU = Debug|Any CPU
		Release|Any CPU = Release|Any CPU
	EndGlobalSection
	GlobalSection(ProjectConfigurationPlatforms) = postSolution
		{BC8EED9B-D9FA-4D87-808B-7D018BB6A0C7}.Debug|Any CPU.ActiveCfg = Debug|Any CPU
		{BC8EED9B-D9FA-4D87-808B-7D018BB6A0C7}.Debug|Any CPU.Build.0 = Debug|Any CPU
		{BC8EED9B-D9FA-4D87-808B-7D018BB6A0C7}.Release|Any CPU.ActiveCfg = Release|Any CPU
		{BC8EED9B-D9FA-4D87-808B-7D018BB6A0C7}.Release|Any CPU.Build.0 = Release|Any CPU
	EndGlobalSection
	GlobalSection(SolutionProperties) = preSolution
		HideSolutionNode = FALSE
	EndGlobalSection
	GlobalSection(ExtensibilityGlobals) = postSolution
		SolutionGuid = {1C17E689-2D31-429B-BBB1-BF911B418709}
	EndGlobalSection
EndGlobal
